
Microsoft Visual Studio Solution File, Format Version 12.00
# Visual Studio 2012
Project("{FAE04EC0-301F-11D3-BF4B-00C04F79EFBC}") = "PacMan_gui", "PacMan_gui\PacMan_gui.csproj", "{B9537197-399A-49C3-B56D-ACFC353E048B}"
	ProjectSection(ProjectDependencies) = postProject
		{7C027E0A-A003-4A17-BA6F-727B2FB0BC5D} = {7C027E0A-A003-4A17-BA6F-727B2FB0BC5D}
		{DA41FF68-B82D-4596-9F2C-FB5A95BE1D3D} = {DA41FF68-B82D-4596-9F2C-FB5A95BE1D3D}
	EndProjectSection
EndProject
Project("{FAE04EC0-301F-11D3-BF4B-00C04F79EFBC}") = "PacMan_model", "PacMan_model\PacMan_model.csproj", "{E764CC30-FE4D-4C1F-BF25-1FF6F073FA06}"
EndProject
Project("{FAE04EC0-301F-11D3-BF4B-00C04F79EFBC}") = "Blinky", "Blinky\Blinky.csproj", "{DA41FF68-B82D-4596-9F2C-FB5A95BE1D3D}"
EndProject
Project("{FAE04EC0-301F-11D3-BF4B-00C04F79EFBC}") = "Pinky", "Pinky\Pinky.csproj", "{7C027E0A-A003-4A17-BA6F-727B2FB0BC5D}"
EndProject
Global
	GlobalSection(SolutionConfigurationPlatforms) = preSolution
		Debug|Any CPU = Debug|Any CPU
		Release|Any CPU = Release|Any CPU
	EndGlobalSection
	GlobalSection(ProjectConfigurationPlatforms) = postSolution
		{B9537197-399A-49C3-B56D-ACFC353E048B}.Debug|Any CPU.ActiveCfg = Debug|Any CPU
		{B9537197-399A-49C3-B56D-ACFC353E048B}.Debug|Any CPU.Build.0 = Debug|Any CPU
		{B9537197-399A-49C3-B56D-ACFC353E048B}.Release|Any CPU.ActiveCfg = Release|Any CPU
		{B9537197-399A-49C3-B56D-ACFC353E048B}.Release|Any CPU.Build.0 = Release|Any CPU
		{E764CC30-FE4D-4C1F-BF25-1FF6F073FA06}.Debug|Any CPU.ActiveCfg = Debug|Any CPU
		{E764CC30-FE4D-4C1F-BF25-1FF6F073FA06}.Debug|Any CPU.Build.0 = Debug|Any CPU
		{E764CC30-FE4D-4C1F-BF25-1FF6F073FA06}.Release|Any CPU.ActiveCfg = Release|Any CPU
		{E764CC30-FE4D-4C1F-BF25-1FF6F073FA06}.Release|Any CPU.Build.0 = Release|Any CPU
		{DA41FF68-B82D-4596-9F2C-FB5A95BE1D3D}.Debug|Any CPU.ActiveCfg = Debug|Any CPU
		{DA41FF68-B82D-4596-9F2C-FB5A95BE1D3D}.Debug|Any CPU.Build.0 = Debug|Any CPU
		{DA41FF68-B82D-4596-9F2C-FB5A95BE1D3D}.Release|Any CPU.ActiveCfg = Release|Any CPU
		{DA41FF68-B82D-4596-9F2C-FB5A95BE1D3D}.Release|Any CPU.Build.0 = Release|Any CPU
		{7C027E0A-A003-4A17-BA6F-727B2FB0BC5D}.Debug|Any CPU.ActiveCfg = Debug|Any CPU
		{7C027E0A-A003-4A17-BA6F-727B2FB0BC5D}.Debug|Any CPU.Build.0 = Debug|Any CPU
		{7C027E0A-A003-4A17-BA6F-727B2FB0BC5D}.Release|Any CPU.ActiveCfg = Release|Any CPU
		{7C027E0A-A003-4A17-BA6F-727B2FB0BC5D}.Release|Any CPU.Build.0 = Release|Any CPU
	EndGlobalSection
	GlobalSection(SolutionProperties) = preSolution
		HideSolutionNode = FALSE
	EndGlobalSection
EndGlobal
